// !$*UTF8*$!
{
	archiveVersion = 1;
	classes = {
	};
	objectVersion = 46;
	objects = {

/* Begin PBXBuildFile section */
		5BD4E88D3C22BEED3AEC9593 /* libPods.a in Frameworks */ = {isa = PBXBuildFile; fileRef = DEC01515F07E940578E987F6 /* libPods.a */; };
		BABB010919F8D78D0039A099 /* PKBaseDataModel.m in Sources */ = {isa = PBXBuildFile; fileRef = BABB010619F8D78D0039A099 /* PKBaseDataModel.m */; };
		BABB010A19F8D78D0039A099 /* PKBaseModel.m in Sources */ = {isa = PBXBuildFile; fileRef = BABB010819F8D78D0039A099 /* PKBaseModel.m */; };
		BAC550B01A5534C00046C1F9 /* PK_NSObject+SelectorLeakWarning.m in Sources */ = {isa = PBXBuildFile; fileRef = BAC550981A5534C00046C1F9 /* PK_NSObject+SelectorLeakWarning.m */; };
		BAC550B21A5534C00046C1F9 /* PK_UIColor+RGB.m in Sources */ = {isa = PBXBuildFile; fileRef = BAC5509E1A5534C00046C1F9 /* PK_UIColor+RGB.m */; };
		BAC550B31A5534C00046C1F9 /* PK_keboard_7@2x.png in Resources */ = {isa = PBXBuildFile; fileRef = BAC550A31A5534C00046C1F9 /* PK_keboard_7@2x.png */; };
		BAC550B41A5534C00046C1F9 /* PK_UITextField+InputView.m in Sources */ = {isa = PBXBuildFile; fileRef = BAC550A51A5534C00046C1F9 /* PK_UITextField+InputView.m */; };
		BAC550B61A5534C00046C1F9 /* PK_UIView+line.m in Sources */ = {isa = PBXBuildFile; fileRef = BAC550AB1A5534C00046C1F9 /* PK_UIView+line.m */; };
		BAC550B71A5534C00046C1F9 /* PK_UIView+ShowTips.m in Sources */ = {isa = PBXBuildFile; fileRef = BAC550AD1A5534C00046C1F9 /* PK_UIView+ShowTips.m */; };
		BAC550C11A5548760046C1F9 /* PKBaseNavigationController.m in Sources */ = {isa = PBXBuildFile; fileRef = BAC550BC1A5548760046C1F9 /* PKBaseNavigationController.m */; };
		BAC550C21A5548760046C1F9 /* PKBaseTabBarController.m in Sources */ = {isa = PBXBuildFile; fileRef = BAC550BE1A5548760046C1F9 /* PKBaseTabBarController.m */; };
		BAC550C31A5548760046C1F9 /* PKBaseViewController.m in Sources */ = {isa = PBXBuildFile; fileRef = BAC550C01A5548760046C1F9 /* PKBaseViewController.m */; };
		BAC88EFC19F7A5BE00A822D5 /* main.m in Sources */ = {isa = PBXBuildFile; fileRef = BAC88EFB19F7A5BE00A822D5 /* main.m */; };
		BAC88EFF19F7A5BE00A822D5 /* AppDelegate.m in Sources */ = {isa = PBXBuildFile; fileRef = BAC88EFE19F7A5BE00A822D5 /* AppDelegate.m */; };
		BAC88F0219F7A5BE00A822D5 /* PlazaKit.xcdatamodeld in Sources */ = {isa = PBXBuildFile; fileRef = BAC88F0019F7A5BE00A822D5 /* PlazaKit.xcdatamodeld */; };
		BAC88F0519F7A5BE00A822D5 /* ViewController.m in Sources */ = {isa = PBXBuildFile; fileRef = BAC88F0419F7A5BE00A822D5 /* ViewController.m */; };
		BAC88F0819F7A5BE00A822D5 /* Main.storyboard in Resources */ = {isa = PBXBuildFile; fileRef = BAC88F0619F7A5BE00A822D5 /* Main.storyboard */; };
		BAC88F0A19F7A5BE00A822D5 /* Images.xcassets in Resources */ = {isa = PBXBuildFile; fileRef = BAC88F0919F7A5BE00A822D5 /* Images.xcassets */; };
		BAC88F0D19F7A5BE00A822D5 /* LaunchScreen.xib in Resources */ = {isa = PBXBuildFile; fileRef = BAC88F0B19F7A5BE00A822D5 /* LaunchScreen.xib */; };
		BAC88F1919F7A5BE00A822D5 /* PlazaKitTests.m in Sources */ = {isa = PBXBuildFile; fileRef = BAC88F1819F7A5BE00A822D5 /* PlazaKitTests.m */; };
		BAC88F3A19F7B9AC00A822D5 /* PKTestDataModel.m in Sources */ = {isa = PBXBuildFile; fileRef = BAC88F3919F7B9AC00A822D5 /* PKTestDataModel.m */; };
/* End PBXBuildFile section */

/* Begin PBXContainerItemProxy section */
		BAC88F1319F7A5BE00A822D5 /* PBXContainerItemProxy */ = {
			isa = PBXContainerItemProxy;
			containerPortal = BAC88EEE19F7A5BE00A822D5 /* Project object */;
			proxyType = 1;
			remoteGlobalIDString = BAC88EF519F7A5BE00A822D5;
			remoteInfo = PlazaKit;
		};
/* End PBXContainerItemProxy section */

/* Begin PBXFileReference section */
		3DF95D3FBE2B30D3EE1DC152 /* Pods.debug.xcconfig */ = {isa = PBXFileReference; includeInIndex = 1; lastKnownFileType = text.xcconfig; name = Pods.debug.xcconfig; path = "Pods/Target Support Files/Pods/Pods.debug.xcconfig"; sourceTree = "<group>"; };
		BABB010519F8D78D0039A099 /* PKBaseDataModel.h */ = {isa = PBXFileReference; fileEncoding = 4; lastKnownFileType = sourcecode.c.h; path = PKBaseDataModel.h; sourceTree = "<group>"; };
		BABB010619F8D78D0039A099 /* PKBaseDataModel.m */ = {isa = PBXFileReference; fileEncoding = 4; lastKnownFileType = sourcecode.c.objc; path = PKBaseDataModel.m; sourceTree = "<group>"; };
		BABB010719F8D78D0039A099 /* PKBaseModel.h */ = {isa = PBXFileReference; fileEncoding = 4; lastKnownFileType = sourcecode.c.h; path = PKBaseModel.h; sourceTree = "<group>"; };
		BABB010819F8D78D0039A099 /* PKBaseModel.m */ = {isa = PBXFileReference; fileEncoding = 4; lastKnownFileType = sourcecode.c.objc; path = PKBaseModel.m; sourceTree = "<group>"; };
		BAC5508C1A5534C00046C1F9 /* PK_Category.h */ = {isa = PBXFileReference; fileEncoding = 4; lastKnownFileType = sourcecode.c.h; path = PK_Category.h; sourceTree = "<group>"; };
		BAC5508E1A5534C00046C1F9 /* PK_Category_NSDate.h */ = {isa = PBXFileReference; fileEncoding = 4; lastKnownFileType = sourcecode.c.h; path = PK_Category_NSDate.h; sourceTree = "<group>"; };
		BAC550921A5534C00046C1F9 /* PK_Categroy_NSMutableArray.h */ = {isa = PBXFileReference; fileEncoding = 4; lastKnownFileType = sourcecode.c.h; path = PK_Categroy_NSMutableArray.h; sourceTree = "<group>"; };
		BAC550961A5534C00046C1F9 /* PK_Category_NSObject.h */ = {isa = PBXFileReference; fileEncoding = 4; lastKnownFileType = sourcecode.c.h; path = PK_Category_NSObject.h; sourceTree = "<group>"; };
		BAC550971A5534C00046C1F9 /* PK_NSObject+SelectorLeakWarning.h */ = {isa = PBXFileReference; fileEncoding = 4; lastKnownFileType = sourcecode.c.h; path = "PK_NSObject+SelectorLeakWarning.h"; sourceTree = "<group>"; };
		BAC550981A5534C00046C1F9 /* PK_NSObject+SelectorLeakWarning.m */ = {isa = PBXFileReference; fileEncoding = 4; lastKnownFileType = sourcecode.c.objc; path = "PK_NSObject+SelectorLeakWarning.m"; sourceTree = "<group>"; };
		BAC5509A1A5534C00046C1F9 /* PK_Category_UIColor.h */ = {isa = PBXFileReference; fileEncoding = 4; lastKnownFileType = sourcecode.c.h; path = PK_Category_UIColor.h; sourceTree = "<group>"; };
		BAC5509D1A5534C00046C1F9 /* PK_UIColor+RGB.h */ = {isa = PBXFileReference; fileEncoding = 4; lastKnownFileType = sourcecode.c.h; path = "PK_UIColor+RGB.h"; sourceTree = "<group>"; };
		BAC5509E1A5534C00046C1F9 /* PK_UIColor+RGB.m */ = {isa = PBXFileReference; fileEncoding = 4; lastKnownFileType = sourcecode.c.objc; path = "PK_UIColor+RGB.m"; sourceTree = "<group>"; };
		BAC550A01A5534C00046C1F9 /* PK_Category_UILabel.h */ = {isa = PBXFileReference; fileEncoding = 4; lastKnownFileType = sourcecode.c.h; path = PK_Category_UILabel.h; sourceTree = "<group>"; };
		BAC550A21A5534C00046C1F9 /* PK_Category_UITextField.h */ = {isa = PBXFileReference; fileEncoding = 4; lastKnownFileType = sourcecode.c.h; path = PK_Category_UITextField.h; sourceTree = "<group>"; };
		BAC550A31A5534C00046C1F9 /* PK_keboard_7@2x.png */ = {isa = PBXFileReference; lastKnownFileType = image.png; path = "PK_keboard_7@2x.png"; sourceTree = "<group>"; };
		BAC550A41A5534C00046C1F9 /* PK_UITextField+InputView.h */ = {isa = PBXFileReference; fileEncoding = 4; lastKnownFileType = sourcecode.c.h; path = "PK_UITextField+InputView.h"; sourceTree = "<group>"; };
		BAC550A51A5534C00046C1F9 /* PK_UITextField+InputView.m */ = {isa = PBXFileReference; fileEncoding = 4; lastKnownFileType = sourcecode.c.objc; path = "PK_UITextField+InputView.m"; sourceTree = "<group>"; };
		BAC550A71A5534C00046C1F9 /* PK_Category_UIView.h */ = {isa = PBXFileReference; fileEncoding = 4; lastKnownFileType = sourcecode.c.h; path = PK_Category_UIView.h; sourceTree = "<group>"; };
		BAC550AA1A5534C00046C1F9 /* PK_UIView+line.h */ = {isa = PBXFileReference; fileEncoding = 4; lastKnownFileType = sourcecode.c.h; path = "PK_UIView+line.h"; sourceTree = "<group>"; };
		BAC550AB1A5534C00046C1F9 /* PK_UIView+line.m */ = {isa = PBXFileReference; fileEncoding = 4; lastKnownFileType = sourcecode.c.objc; path = "PK_UIView+line.m"; sourceTree = "<group>"; };
		BAC550AC1A5534C00046C1F9 /* PK_UIView+ShowTips.h */ = {isa = PBXFileReference; fileEncoding = 4; lastKnownFileType = sourcecode.c.h; path = "PK_UIView+ShowTips.h"; sourceTree = "<group>"; };
		BAC550AD1A5534C00046C1F9 /* PK_UIView+ShowTips.m */ = {isa = PBXFileReference; fileEncoding = 4; lastKnownFileType = sourcecode.c.objc; path = "PK_UIView+ShowTips.m"; sourceTree = "<group>"; };
		BAC550B81A553D760046C1F9 /* PrefixHeader.pch */ = {isa = PBXFileReference; lastKnownFileType = sourcecode.c.h; path = PrefixHeader.pch; sourceTree = "<group>"; };
		BAC550B91A553EA00046C1F9 /* PlazaKit.h */ = {isa = PBXFileReference; fileEncoding = 4; lastKnownFileType = sourcecode.c.h; path = PlazaKit.h; sourceTree = "<group>"; };
		BAC550BB1A5548760046C1F9 /* PKBaseNavigationController.h */ = {isa = PBXFileReference; fileEncoding = 4; lastKnownFileType = sourcecode.c.h; path = PKBaseNavigationController.h; sourceTree = "<group>"; };
		BAC550BC1A5548760046C1F9 /* PKBaseNavigationController.m */ = {isa = PBXFileReference; fileEncoding = 4; lastKnownFileType = sourcecode.c.objc; path = PKBaseNavigationController.m; sourceTree = "<group>"; };
		BAC550BD1A5548760046C1F9 /* PKBaseTabBarController.h */ = {isa = PBXFileReference; fileEncoding = 4; lastKnownFileType = sourcecode.c.h; path = PKBaseTabBarController.h; sourceTree = "<group>"; };
		BAC550BE1A5548760046C1F9 /* PKBaseTabBarController.m */ = {isa = PBXFileReference; fileEncoding = 4; lastKnownFileType = sourcecode.c.objc; path = PKBaseTabBarController.m; sourceTree = "<group>"; };
		BAC550BF1A5548760046C1F9 /* PKBaseViewController.h */ = {isa = PBXFileReference; fileEncoding = 4; lastKnownFileType = sourcecode.c.h; path = PKBaseViewController.h; sourceTree = "<group>"; };
		BAC550C01A5548760046C1F9 /* PKBaseViewController.m */ = {isa = PBXFileReference; fileEncoding = 4; lastKnownFileType = sourcecode.c.objc; path = PKBaseViewController.m; sourceTree = "<group>"; };
		BAC88EF619F7A5BE00A822D5 /* PlazaKit.app */ = {isa = PBXFileReference; explicitFileType = wrapper.application; includeInIndex = 0; path = PlazaKit.app; sourceTree = BUILT_PRODUCTS_DIR; };
		BAC88EFA19F7A5BE00A822D5 /* Info.plist */ = {isa = PBXFileReference; lastKnownFileType = text.plist.xml; path = Info.plist; sourceTree = "<group>"; };
		BAC88EFB19F7A5BE00A822D5 /* main.m */ = {isa = PBXFileReference; lastKnownFileType = sourcecode.c.objc; path = main.m; sourceTree = "<group>"; };
		BAC88EFD19F7A5BE00A822D5 /* AppDelegate.h */ = {isa = PBXFileReference; lastKnownFileType = sourcecode.c.h; path = AppDelegate.h; sourceTree = "<group>"; };
		BAC88EFE19F7A5BE00A822D5 /* AppDelegate.m */ = {isa = PBXFileReference; lastKnownFileType = sourcecode.c.objc; path = AppDelegate.m; sourceTree = "<group>"; };
		BAC88F0119F7A5BE00A822D5 /* PlazaKit.xcdatamodel */ = {isa = PBXFileReference; lastKnownFileType = wrapper.xcdatamodel; path = PlazaKit.xcdatamodel; sourceTree = "<group>"; };
		BAC88F0319F7A5BE00A822D5 /* ViewController.h */ = {isa = PBXFileReference; lastKnownFileType = sourcecode.c.h; path = ViewController.h; sourceTree = "<group>"; };
		BAC88F0419F7A5BE00A822D5 /* ViewController.m */ = {isa = PBXFileReference; lastKnownFileType = sourcecode.c.objc; path = ViewController.m; sourceTree = "<group>"; };
		BAC88F0719F7A5BE00A822D5 /* Base */ = {isa = PBXFileReference; lastKnownFileType = file.storyboard; name = Base; path = Base.lproj/Main.storyboard; sourceTree = "<group>"; };
		BAC88F0919F7A5BE00A822D5 /* Images.xcassets */ = {isa = PBXFileReference; lastKnownFileType = folder.assetcatalog; path = Images.xcassets; sourceTree = "<group>"; };
		BAC88F0C19F7A5BE00A822D5 /* Base */ = {isa = PBXFileReference; lastKnownFileType = file.xib; name = Base; path = Base.lproj/LaunchScreen.xib; sourceTree = "<group>"; };
		BAC88F1219F7A5BE00A822D5 /* PlazaKitTests.xctest */ = {isa = PBXFileReference; explicitFileType = wrapper.cfbundle; includeInIndex = 0; path = PlazaKitTests.xctest; sourceTree = BUILT_PRODUCTS_DIR; };
		BAC88F1719F7A5BE00A822D5 /* Info.plist */ = {isa = PBXFileReference; lastKnownFileType = text.plist.xml; path = Info.plist; sourceTree = "<group>"; };
		BAC88F1819F7A5BE00A822D5 /* PlazaKitTests.m */ = {isa = PBXFileReference; lastKnownFileType = sourcecode.c.objc; path = PlazaKitTests.m; sourceTree = "<group>"; };
		BAC88F2C19F7B65000A822D5 /* QBDefine.h */ = {isa = PBXFileReference; fileEncoding = 4; lastKnownFileType = sourcecode.c.h; path = QBDefine.h; sourceTree = "<group>"; };
		BAC88F3819F7B9AC00A822D5 /* PKTestDataModel.h */ = {isa = PBXFileReference; fileEncoding = 4; lastKnownFileType = sourcecode.c.h; path = PKTestDataModel.h; sourceTree = "<group>"; };
		BAC88F3919F7B9AC00A822D5 /* PKTestDataModel.m */ = {isa = PBXFileReference; fileEncoding = 4; lastKnownFileType = sourcecode.c.objc; path = PKTestDataModel.m; sourceTree = "<group>"; };
		D13465A4057017E9FA854588 /* Pods.release.xcconfig */ = {isa = PBXFileReference; includeInIndex = 1; lastKnownFileType = text.xcconfig; name = Pods.release.xcconfig; path = "Pods/Target Support Files/Pods/Pods.release.xcconfig"; sourceTree = "<group>"; };
		DEC01515F07E940578E987F6 /* libPods.a */ = {isa = PBXFileReference; explicitFileType = archive.ar; includeInIndex = 0; path = libPods.a; sourceTree = BUILT_PRODUCTS_DIR; };
/* End PBXFileReference section */

/* Begin PBXFrameworksBuildPhase section */
		BAC88EF319F7A5BE00A822D5 /* Frameworks */ = {
			isa = PBXFrameworksBuildPhase;
			buildActionMask = 2147483647;
			files = (
				5BD4E88D3C22BEED3AEC9593 /* libPods.a in Frameworks */,
			);
			runOnlyForDeploymentPostprocessing = 0;
		};
		BAC88F0F19F7A5BE00A822D5 /* Frameworks */ = {
			isa = PBXFrameworksBuildPhase;
			buildActionMask = 2147483647;
			files = (
			);
			runOnlyForDeploymentPostprocessing = 0;
		};
/* End PBXFrameworksBuildPhase section */

/* Begin PBXGroup section */
		12F2801D34CCB8E131379B98 /* Pods */ = {
			isa = PBXGroup;
			children = (
				3DF95D3FBE2B30D3EE1DC152 /* Pods.debug.xcconfig */,
				D13465A4057017E9FA854588 /* Pods.release.xcconfig */,
			);
			name = Pods;
			sourceTree = "<group>";
		};
		33EAE06EBE5804A9C2585E6E /* Frameworks */ = {
			isa = PBXGroup;
			children = (
				DEC01515F07E940578E987F6 /* libPods.a */,
			);
			name = Frameworks;
			sourceTree = "<group>";
		};
		BABB010319F8D78D0039A099 /* src */ = {
			isa = PBXGroup;
			children = (
				BAC550BA1A5548760046C1F9 /* ViewController */,
				BAEAFFD719FE3AC0000A2CED /* Categorp */,
				BABB010419F8D78D0039A099 /* Model */,
				BAC550B91A553EA00046C1F9 /* PlazaKit.h */,
			);
			path = src;
			sourceTree = "<group>";
		};
		BABB010419F8D78D0039A099 /* Model */ = {
			isa = PBXGroup;
			children = (
				BABB010519F8D78D0039A099 /* PKBaseDataModel.h */,
				BABB010619F8D78D0039A099 /* PKBaseDataModel.m */,
				BABB010719F8D78D0039A099 /* PKBaseModel.h */,
				BABB010819F8D78D0039A099 /* PKBaseModel.m */,
			);
			path = Model;
			sourceTree = "<group>";
		};
		BAC5508D1A5534C00046C1F9 /* NSDate */ = {
			isa = PBXGroup;
			children = (
				BAC5508E1A5534C00046C1F9 /* PK_Category_NSDate.h */,
			);
			path = NSDate;
			sourceTree = "<group>";
		};
		BAC550911A5534C00046C1F9 /* NSNutableString */ = {
			isa = PBXGroup;
			children = (
				BAC550921A5534C00046C1F9 /* PK_Categroy_NSMutableArray.h */,
			);
			path = NSNutableString;
			sourceTree = "<group>";
		};
		BAC550951A5534C00046C1F9 /* NSObject */ = {
			isa = PBXGroup;
			children = (
				BAC550961A5534C00046C1F9 /* PK_Category_NSObject.h */,
				BAC550971A5534C00046C1F9 /* PK_NSObject+SelectorLeakWarning.h */,
				BAC550981A5534C00046C1F9 /* PK_NSObject+SelectorLeakWarning.m */,
			);
			path = NSObject;
			sourceTree = "<group>";
		};
		BAC550991A5534C00046C1F9 /* UIColor */ = {
			isa = PBXGroup;
			children = (
				BAC5509A1A5534C00046C1F9 /* PK_Category_UIColor.h */,
				BAC5509D1A5534C00046C1F9 /* PK_UIColor+RGB.h */,
				BAC5509E1A5534C00046C1F9 /* PK_UIColor+RGB.m */,
			);
			path = UIColor;
			sourceTree = "<group>";
		};
		BAC5509F1A5534C00046C1F9 /* UILabel */ = {
			isa = PBXGroup;
			children = (
				BAC550A01A5534C00046C1F9 /* PK_Category_UILabel.h */,
			);
			path = UILabel;
			sourceTree = "<group>";
		};
		BAC550A11A5534C00046C1F9 /* UITextField */ = {
			isa = PBXGroup;
			children = (
				BAC550A21A5534C00046C1F9 /* PK_Category_UITextField.h */,
				BAC550A31A5534C00046C1F9 /* PK_keboard_7@2x.png */,
				BAC550A41A5534C00046C1F9 /* PK_UITextField+InputView.h */,
				BAC550A51A5534C00046C1F9 /* PK_UITextField+InputView.m */,
			);
			path = UITextField;
			sourceTree = "<group>";
		};
		BAC550A61A5534C00046C1F9 /* UIView */ = {
			isa = PBXGroup;
			children = (
				BAC550A71A5534C00046C1F9 /* PK_Category_UIView.h */,
				BAC550AA1A5534C00046C1F9 /* PK_UIView+line.h */,
				BAC550AB1A5534C00046C1F9 /* PK_UIView+line.m */,
				BAC550AC1A5534C00046C1F9 /* PK_UIView+ShowTips.h */,
				BAC550AD1A5534C00046C1F9 /* PK_UIView+ShowTips.m */,
			);
			path = UIView;
			sourceTree = "<group>";
		};
		BAC550BA1A5548760046C1F9 /* ViewController */ = {
			isa = PBXGroup;
			children = (
				BAC550BB1A5548760046C1F9 /* PKBaseNavigationController.h */,
				BAC550BC1A5548760046C1F9 /* PKBaseNavigationController.m */,
				BAC550BD1A5548760046C1F9 /* PKBaseTabBarController.h */,
				BAC550BE1A5548760046C1F9 /* PKBaseTabBarController.m */,
				BAC550BF1A5548760046C1F9 /* PKBaseViewController.h */,
				BAC550C01A5548760046C1F9 /* PKBaseViewController.m */,
			);
			path = ViewController;
			sourceTree = "<group>";
		};
		BAC88EED19F7A5BE00A822D5 = {
			isa = PBXGroup;
			children = (
				BAC88EF819F7A5BE00A822D5 /* PlazaKit */,
				BAC88F1519F7A5BE00A822D5 /* PlazaKitTests */,
				BAC88EF719F7A5BE00A822D5 /* Products */,
				12F2801D34CCB8E131379B98 /* Pods */,
				33EAE06EBE5804A9C2585E6E /* Frameworks */,
			);
			sourceTree = "<group>";
		};
		BAC88EF719F7A5BE00A822D5 /* Products */ = {
			isa = PBXGroup;
			children = (
				BAC88EF619F7A5BE00A822D5 /* PlazaKit.app */,
				BAC88F1219F7A5BE00A822D5 /* PlazaKitTests.xctest */,
			);
			name = Products;
			sourceTree = "<group>";
		};
		BAC88EF819F7A5BE00A822D5 /* PlazaKit */ = {
			isa = PBXGroup;
			children = (
				BABB010319F8D78D0039A099 /* src */,
				BAC88F3719F7B9AC00A822D5 /* Test */,
				BAC88EFD19F7A5BE00A822D5 /* AppDelegate.h */,
				BAC88EFE19F7A5BE00A822D5 /* AppDelegate.m */,
				BAC88F0319F7A5BE00A822D5 /* ViewController.h */,
				BAC88F0419F7A5BE00A822D5 /* ViewController.m */,
				BAC88F0619F7A5BE00A822D5 /* Main.storyboard */,
				BAC88F0919F7A5BE00A822D5 /* Images.xcassets */,
				BAC88F0B19F7A5BE00A822D5 /* LaunchScreen.xib */,
				BAC88F0019F7A5BE00A822D5 /* PlazaKit.xcdatamodeld */,
				BAC88EF919F7A5BE00A822D5 /* Supporting Files */,
				BAC88F2C19F7B65000A822D5 /* QBDefine.h */,
			);
			path = PlazaKit;
			sourceTree = "<group>";
		};
		BAC88EF919F7A5BE00A822D5 /* Supporting Files */ = {
			isa = PBXGroup;
			children = (
				BAC88EFA19F7A5BE00A822D5 /* Info.plist */,
				BAC88EFB19F7A5BE00A822D5 /* main.m */,
				BAC550B81A553D760046C1F9 /* PrefixHeader.pch */,
			);
			name = "Supporting Files";
			sourceTree = "<group>";
		};
		BAC88F1519F7A5BE00A822D5 /* PlazaKitTests */ = {
			isa = PBXGroup;
			children = (
				BAC88F1819F7A5BE00A822D5 /* PlazaKitTests.m */,
				BAC88F1619F7A5BE00A822D5 /* Supporting Files */,
			);
			path = PlazaKitTests;
			sourceTree = "<group>";
		};
		BAC88F1619F7A5BE00A822D5 /* Supporting Files */ = {
			isa = PBXGroup;
			children = (
				BAC88F1719F7A5BE00A822D5 /* Info.plist */,
			);
			name = "Supporting Files";
			sourceTree = "<group>";
		};
		BAC88F3719F7B9AC00A822D5 /* Test */ = {
			isa = PBXGroup;
			children = (
				BAC88F3819F7B9AC00A822D5 /* PKTestDataModel.h */,
				BAC88F3919F7B9AC00A822D5 /* PKTestDataModel.m */,
			);
			path = Test;
			sourceTree = "<group>";
		};
		BAEAFFD719FE3AC0000A2CED /* Categorp */ = {
			isa = PBXGroup;
			children = (
				BAC5508C1A5534C00046C1F9 /* PK_Category.h */,
				BAC5508D1A5534C00046C1F9 /* NSDate */,
				BAC550911A5534C00046C1F9 /* NSNutableString */,
				BAC550951A5534C00046C1F9 /* NSObject */,
				BAC550991A5534C00046C1F9 /* UIColor */,
				BAC5509F1A5534C00046C1F9 /* UILabel */,
				BAC550A11A5534C00046C1F9 /* UITextField */,
				BAC550A61A5534C00046C1F9 /* UIView */,
			);
			path = Categorp;
			sourceTree = "<group>";
		};
/* End PBXGroup section */

/* Begin PBXNativeTarget section */
		BAC88EF519F7A5BE00A822D5 /* PlazaKit */ = {
			isa = PBXNativeTarget;
			buildConfigurationList = BAC88F1C19F7A5BE00A822D5 /* Build configuration list for PBXNativeTarget "PlazaKit" */;
			buildPhases = (
				87B5770AB527A86B04D284E7 /* Check Pods Manifest.lock */,
				BAC88EF219F7A5BE00A822D5 /* Sources */,
				BAC88EF319F7A5BE00A822D5 /* Frameworks */,
				BAC88EF419F7A5BE00A822D5 /* Resources */,
				B2852BDB947D0EBF9436ACB7 /* Copy Pods Resources */,
			);
			buildRules = (
			);
			dependencies = (
			);
			name = PlazaKit;
			productName = PlazaKit;
			productReference = BAC88EF619F7A5BE00A822D5 /* PlazaKit.app */;
			productType = "com.apple.product-type.application";
		};
		BAC88F1119F7A5BE00A822D5 /* PlazaKitTests */ = {
			isa = PBXNativeTarget;
			buildConfigurationList = BAC88F1F19F7A5BE00A822D5 /* Build configuration list for PBXNativeTarget "PlazaKitTests" */;
			buildPhases = (
				BAC88F0E19F7A5BE00A822D5 /* Sources */,
				BAC88F0F19F7A5BE00A822D5 /* Frameworks */,
				BAC88F1019F7A5BE00A822D5 /* Resources */,
			);
			buildRules = (
			);
			dependencies = (
				BAC88F1419F7A5BE00A822D5 /* PBXTargetDependency */,
			);
			name = PlazaKitTests;
			productName = PlazaKitTests;
			productReference = BAC88F1219F7A5BE00A822D5 /* PlazaKitTests.xctest */;
			productType = "com.apple.product-type.bundle.unit-test";
		};
/* End PBXNativeTarget section */

/* Begin PBXProject section */
		BAC88EEE19F7A5BE00A822D5 /* Project object */ = {
			isa = PBXProject;
			attributes = {
				LastUpgradeCheck = 0610;
				ORGANIZATIONNAME = Plaza66;
				TargetAttributes = {
					BAC88EF519F7A5BE00A822D5 = {
						CreatedOnToolsVersion = 6.1;
					};
					BAC88F1119F7A5BE00A822D5 = {
						CreatedOnToolsVersion = 6.1;
						TestTargetID = BAC88EF519F7A5BE00A822D5;
					};
				};
			};
			buildConfigurationList = BAC88EF119F7A5BE00A822D5 /* Build configuration list for PBXProject "PlazaKit" */;
			compatibilityVersion = "Xcode 3.2";
			developmentRegion = English;
			hasScannedForEncodings = 0;
			knownRegions = (
				en,
				Base,
			);
			mainGroup = BAC88EED19F7A5BE00A822D5;
			productRefGroup = BAC88EF719F7A5BE00A822D5 /* Products */;
			projectDirPath = "";
			projectRoot = "";
			targets = (
				BAC88EF519F7A5BE00A822D5 /* PlazaKit */,
				BAC88F1119F7A5BE00A822D5 /* PlazaKitTests */,
			);
		};
/* End PBXProject section */

/* Begin PBXResourcesBuildPhase section */
		BAC88EF419F7A5BE00A822D5 /* Resources */ = {
			isa = PBXResourcesBuildPhase;
			buildActionMask = 2147483647;
			files = (
				BAC88F0819F7A5BE00A822D5 /* Main.storyboard in Resources */,
				BAC88F0D19F7A5BE00A822D5 /* LaunchScreen.xib in Resources */,
				BAC88F0A19F7A5BE00A822D5 /* Images.xcassets in Resources */,
				BAC550B31A5534C00046C1F9 /* PK_keboard_7@2x.png in Resources */,
			);
			runOnlyForDeploymentPostprocessing = 0;
		};
		BAC88F1019F7A5BE00A822D5 /* Resources */ = {
			isa = PBXResourcesBuildPhase;
			buildActionMask = 2147483647;
			files = (
			);
			runOnlyForDeploymentPostprocessing = 0;
		};
/* End PBXResourcesBuildPhase section */

/* Begin PBXShellScriptBuildPhase section */
		87B5770AB527A86B04D284E7 /* Check Pods Manifest.lock */ = {
			isa = PBXShellScriptBuildPhase;
			buildActionMask = 2147483647;
			files = (
			);
			inputPaths = (
			);
			name = "Check Pods Manifest.lock";
			outputPaths = (
			);
			runOnlyForDeploymentPostprocessing = 0;
			shellPath = /bin/sh;
			shellScript = "diff \"${PODS_ROOT}/../Podfile.lock\" \"${PODS_ROOT}/Manifest.lock\" > /dev/null\nif [[ $? != 0 ]] ; then\n    cat << EOM\nerror: The sandbox is not in sync with the Podfile.lock. Run 'pod install' or update your CocoaPods installation.\nEOM\n    exit 1\nfi\n";
			showEnvVarsInLog = 0;
		};
		B2852BDB947D0EBF9436ACB7 /* Copy Pods Resources */ = {
			isa = PBXShellScriptBuildPhase;
			buildActionMask = 2147483647;
			files = (
			);
			inputPaths = (
			);
			name = "Copy Pods Resources";
			outputPaths = (
			);
			runOnlyForDeploymentPostprocessing = 0;
			shellPath = /bin/sh;
			shellScript = "\"${SRCROOT}/Pods/Target Support Files/Pods/Pods-resources.sh\"\n";
			showEnvVarsInLog = 0;
		};
/* End PBXShellScriptBuildPhase section */

/* Begin PBXSourcesBuildPhase section */
		BAC88EF219F7A5BE00A822D5 /* Sources */ = {
			isa = PBXSourcesBuildPhase;
			buildActionMask = 2147483647;
			files = (
				BABB010919F8D78D0039A099 /* PKBaseDataModel.m in Sources */,
				BAC550B71A5534C00046C1F9 /* PK_UIView+ShowTips.m in Sources */,
				BAC88F3A19F7B9AC00A822D5 /* PKTestDataModel.m in Sources */,
				BAC550C21A5548760046C1F9 /* PKBaseTabBarController.m in Sources */,
				BAC550B61A5534C00046C1F9 /* PK_UIView+line.m in Sources */,
				BAC88F0219F7A5BE00A822D5 /* PlazaKit.xcdatamodeld in Sources */,
				BAC88EFF19F7A5BE00A822D5 /* AppDelegate.m in Sources */,
				BAC550C11A5548760046C1F9 /* PKBaseNavigationController.m in Sources */,
				BAC550B01A5534C00046C1F9 /* PK_NSObject+SelectorLeakWarning.m in Sources */,
				BAC88F0519F7A5BE00A822D5 /* ViewController.m in Sources */,
				BAC550B21A5534C00046C1F9 /* PK_UIColor+RGB.m in Sources */,
				BAC88EFC19F7A5BE00A822D5 /* main.m in Sources */,
				BAC550B41A5534C00046C1F9 /* PK_UITextField+InputView.m in Sources */,
				BABB010A19F8D78D0039A099 /* PKBaseModel.m in Sources */,
				BAC550C31A5548760046C1F9 /* PKBaseViewController.m in Sources */,
			);
			runOnlyForDeploymentPostprocessing = 0;
		};
		BAC88F0E19F7A5BE00A822D5 /* Sources */ = {
			isa = PBXSourcesBuildPhase;
			buildActionMask = 2147483647;
			files = (
				BAC88F1919F7A5BE00A822D5 /* PlazaKitTests.m in Sources */,
			);
			runOnlyForDeploymentPostprocessing = 0;
		};
/* End PBXSourcesBuildPhase section */

/* Begin PBXTargetDependency section */
		BAC88F1419F7A5BE00A822D5 /* PBXTargetDependency */ = {
			isa = PBXTargetDependency;
			target = BAC88EF519F7A5BE00A822D5 /* PlazaKit */;
			targetProxy = BAC88F1319F7A5BE00A822D5 /* PBXContainerItemProxy */;
		};
/* End PBXTargetDependency section */

/* Begin PBXVariantGroup section */
		BAC88F0619F7A5BE00A822D5 /* Main.storyboard */ = {
			isa = PBXVariantGroup;
			children = (
				BAC88F0719F7A5BE00A822D5 /* Base */,
			);
			name = Main.storyboard;
			sourceTree = "<group>";
		};
		BAC88F0B19F7A5BE00A822D5 /* LaunchScreen.xib */ = {
			isa = PBXVariantGroup;
			children = (
				BAC88F0C19F7A5BE00A822D5 /* Base */,
			);
			name = LaunchScreen.xib;
			sourceTree = "<group>";
		};
/* End PBXVariantGroup section */

/* Begin XCBuildConfiguration section */
		BAC88F1A19F7A5BE00A822D5 /* Debug */ = {
			isa = XCBuildConfiguration;
			buildSettings = {
				ALWAYS_SEARCH_USER_PATHS = NO;
				CLANG_CXX_LANGUAGE_STANDARD = "gnu++0x";
				CLANG_CXX_LIBRARY = "libc++";
				CLANG_ENABLE_MODULES = YES;
				CLANG_ENABLE_OBJC_ARC = YES;
				CLANG_WARN_BOOL_CONVERSION = YES;
				CLANG_WARN_CONSTANT_CONVERSION = YES;
				CLANG_WARN_DIRECT_OBJC_ISA_USAGE = YES_ERROR;
				CLANG_WARN_EMPTY_BODY = YES;
				CLANG_WARN_ENUM_CONVERSION = YES;
				CLANG_WARN_INT_CONVERSION = YES;
				CLANG_WARN_OBJC_ROOT_CLASS = YES_ERROR;
				CLANG_WARN_UNREACHABLE_CODE = YES;
				CLANG_WARN__DUPLICATE_METHOD_MATCH = YES;
				"CODE_SIGN_IDENTITY[sdk=iphoneos*]" = "iPhone Developer";
				COPY_PHASE_STRIP = NO;
				ENABLE_STRICT_OBJC_MSGSEND = YES;
				GCC_C_LANGUAGE_STANDARD = gnu99;
				GCC_DYNAMIC_NO_PIC = NO;
				GCC_OPTIMIZATION_LEVEL = 0;
				GCC_PREPROCESSOR_DEFINITIONS = (
					"DEBUG=1",
					"$(inherited)",
				);
				GCC_SYMBOLS_PRIVATE_EXTERN = NO;
				GCC_WARN_64_TO_32_BIT_CONVERSION = YES;
				GCC_WARN_ABOUT_RETURN_TYPE = YES_ERROR;
				GCC_WARN_UNDECLARED_SELECTOR = YES;
				GCC_WARN_UNINITIALIZED_AUTOS = YES_AGGRESSIVE;
				GCC_WARN_UNUSED_FUNCTION = YES;
				GCC_WARN_UNUSED_VARIABLE = YES;
				IPHONEOS_DEPLOYMENT_TARGET = 8.1;
				MTL_ENABLE_DEBUG_INFO = YES;
				ONLY_ACTIVE_ARCH = YES;
				SDKROOT = iphoneos;
				TARGETED_DEVICE_FAMILY = "1,2";
			};
			name = Debug;
		};
		BAC88F1B19F7A5BE00A822D5 /* Release */ = {
			isa = XCBuildConfiguration;
			buildSettings = {
				ALWAYS_SEARCH_USER_PATHS = NO;
				CLANG_CXX_LANGUAGE_STANDARD = "gnu++0x";
				CLANG_CXX_LIBRARY = "libc++";
				CLANG_ENABLE_MODULES = YES;
				CLANG_ENABLE_OBJC_ARC = YES;
				CLANG_WARN_BOOL_CONVERSION = YES;
				CLANG_WARN_CONSTANT_CONVERSION = YES;
				CLANG_WARN_DIRECT_OBJC_ISA_USAGE = YES_ERROR;
				CLANG_WARN_EMPTY_BODY = YES;
				CLANG_WARN_ENUM_CONVERSION = YES;
				CLANG_WARN_INT_CONVERSION = YES;
				CLANG_WARN_OBJC_ROOT_CLASS = YES_ERROR;
				CLANG_WARN_UNREACHABLE_CODE = YES;
				CLANG_WARN__DUPLICATE_METHOD_MATCH = YES;
				"CODE_SIGN_IDENTITY[sdk=iphoneos*]" = "iPhone Developer";
				COPY_PHASE_STRIP = YES;
				ENABLE_NS_ASSERTIONS = NO;
				ENABLE_STRICT_OBJC_MSGSEND = YES;
				GCC_C_LANGUAGE_STANDARD = gnu99;
				GCC_WARN_64_TO_32_BIT_CONVERSION = YES;
				GCC_WARN_ABOUT_RETURN_TYPE = YES_ERROR;
				GCC_WARN_UNDECLARED_SELECTOR = YES;
				GCC_WARN_UNINITIALIZED_AUTOS = YES_AGGRESSIVE;
				GCC_WARN_UNUSED_FUNCTION = YES;
				GCC_WARN_UNUSED_VARIABLE = YES;
				IPHONEOS_DEPLOYMENT_TARGET = 8.1;
				MTL_ENABLE_DEBUG_INFO = NO;
				SDKROOT = iphoneos;
				TARGETED_DEVICE_FAMILY = "1,2";
				VALIDATE_PRODUCT = YES;
			};
			name = Release;
		};
		BAC88F1D19F7A5BE00A822D5 /* Debug */ = {
			isa = XCBuildConfiguration;
			baseConfigurationReference = 3DF95D3FBE2B30D3EE1DC152 /* Pods.debug.xcconfig */;
			buildSettings = {
				ASSETCATALOG_COMPILER_APPICON_NAME = AppIcon;
				ASSETCATALOG_COMPILER_LAUNCHIMAGE_NAME = LaunchImage;
				GCC_PREFIX_HEADER = PlazaKit/PrefixHeader.pch;
				INFOPLIST_FILE = PlazaKit/Info.plist;
				IPHONEOS_DEPLOYMENT_TARGET = 7.0;
				LD_RUNPATH_SEARCH_PATHS = "$(inherited) @executable_path/Frameworks";
				PRODUCT_NAME = "$(TARGET_NAME)";
				PROVISIONING_PROFILE = "70531632-becb-4cf9-b54d-c4dac1df4c21";
				TARGETED_DEVICE_FAMILY = 1;
			};
			name = Debug;
		};
		BAC88F1E19F7A5BE00A822D5 /* Release */ = {
			isa = XCBuildConfiguration;
			baseConfigurationReference = D13465A4057017E9FA854588 /* Pods.release.xcconfig */;
			buildSettings = {
				ASSETCATALOG_COMPILER_APPICON_NAME = AppIcon;
				ASSETCATALOG_COMPILER_LAUNCHIMAGE_NAME = LaunchImage;
				GCC_PREFIX_HEADER = PlazaKit/PrefixHeader.pch;
				INFOPLIST_FILE = PlazaKit/Info.plist;
				IPHONEOS_DEPLOYMENT_TARGET = 7.0;
				LD_RUNPATH_SEARCH_PATHS = "$(inherited) @executable_path/Frameworks";
				PRODUCT_NAME = "$(TARGET_NAME)";
				PROVISIONING_PROFILE = "70531632-becb-4cf9-b54d-c4dac1df4c21";
				TARGETED_DEVICE_FAMILY = 1;
			};
			name = Release;
		};
		BAC88F2019F7A5BE00A822D5 /* Debug */ = {
			isa = XCBuildConfiguration;
			buildSettings = {
				BUNDLE_LOADER = "$(TEST_HOST)";
				FRAMEWORK_SEARCH_PATHS = (
					"$(SDKROOT)/Developer/Library/Frameworks",
					"$(inherited)",
				);
				GCC_PREFIX_HEADER = "";
				GCC_PREPROCESSOR_DEFINITIONS = (
					"DEBUG=1",
					"$(inherited)",
				);
				INFOPLIST_FILE = PlazaKitTests/Info.plist;
				LD_RUNPATH_SEARCH_PATHS = "$(inherited) @executable_path/Frameworks @loader_path/Frameworks";
				PRODUCT_NAME = "$(TARGET_NAME)";
				TEST_HOST = "$(BUILT_PRODUCTS_DIR)/PlazaKit.app/PlazaKit";
			};
			name = Debug;
		};
		BAC88F2119F7A5BE00A822D5 /* Release */ = {
			isa = XCBuildConfiguration;
			buildSettings = {
				BUNDLE_LOADER = "$(TEST_HOST)";
				FRAMEWORK_SEARCH_PATHS = (
					"$(SDKROOT)/Developer/Library/Frameworks",
					"$(inherited)",
				);
				GCC_PREFIX_HEADER = "";
				INFOPLIST_FILE = PlazaKitTests/Info.plist;
				LD_RUNPATH_SEARCH_PATHS = "$(inherited) @executable_path/Frameworks @loader_path/Frameworks";
				PRODUCT_NAME = "$(TARGET_NAME)";
				TEST_HOST = "$(BUILT_PRODUCTS_DIR)/PlazaKit.app/PlazaKit";
			};
			name = Release;
		};
/* End XCBuildConfiguration section */

/* Begin XCConfigurationList section */
		BAC88EF119F7A5BE00A822D5 /* Build configuration list for PBXProject "PlazaKit" */ = {
			isa = XCConfigurationList;
			buildConfigurations = (
				BAC88F1A19F7A5BE00A822D5 /* Debug */,
				BAC88F1B19F7A5BE00A822D5 /* Release */,
			);
			defaultConfigurationIsVisible = 0;
			defaultConfigurationName = Release;
		};
		BAC88F1C19F7A5BE00A822D5 /* Build configuration list for PBXNativeTarget "PlazaKit" */ = {
			isa = XCConfigurationList;
			buildConfigurations = (
				BAC88F1D19F7A5BE00A822D5 /* Debug */,
				BAC88F1E19F7A5BE00A822D5 /* Release */,
			);
			defaultConfigurationIsVisible = 0;
			defaultConfigurationName = Release;
		};
		BAC88F1F19F7A5BE00A822D5 /* Build configuration list for PBXNativeTarget "PlazaKitTests" */ = {
			isa = XCConfigurationList;
			buildConfigurations = (
				BAC88F2019F7A5BE00A822D5 /* Debug */,
				BAC88F2119F7A5BE00A822D5 /* Release */,
			);
			defaultConfigurationIsVisible = 0;
			defaultConfigurationName = Release;
		};
/* End XCConfigurationList section */

/* Begin XCVersionGroup section */
		BAC88F0019F7A5BE00A822D5 /* PlazaKit.xcdatamodeld */ = {
			isa = XCVersionGroup;
			children = (
				BAC88F0119F7A5BE00A822D5 /* PlazaKit.xcdatamodel */,
			);
			currentVersion = BAC88F0119F7A5BE00A822D5 /* PlazaKit.xcdatamodel */;
			path = PlazaKit.xcdatamodeld;
			sourceTree = "<group>";
			versionGroupType = wrapper.xcdatamodel;
		};
/* End XCVersionGroup section */
	};
	rootObject = BAC88EEE19F7A5BE00A822D5 /* Project object */;
}
